
Microsoft Visual Studio Solution File, Format Version 12.00
# Visual Studio Version 17
VisualStudioVersion = 17.0.32112.339
MinimumVisualStudioVersion = 10.0.40219.1
Project("{FAE04EC0-301F-11D3-BF4B-00C04F79EFBC}") = "Practical 3", "Practical 3\Practical 3.csproj", "{434859CE-6B05-47FF-8104-5AD7D93D6F0F}"
EndProject
Global
	GlobalSection(SolutionConfigurationPlatforms) = preSolution
		Debug|Any CPU = Debug|Any CPU
		Release|Any CPU = Release|Any CPU
	EndGlobalSection
	GlobalSection(ProjectConfigurationPlatforms) = postSolution
		{434859CE-6B05-47FF-8104-5AD7D93D6F0F}.Debug|Any CPU.ActiveCfg = Debug|Any CPU
		{434859CE-6B05-47FF-8104-5AD7D93D6F0F}.Debug|Any CPU.Build.0 = Debug|Any CPU
		{434859CE-6B05-47FF-8104-5AD7D93D6F0F}.Release|Any CPU.ActiveCfg = Release|Any CPU
		{434859CE-6B05-47FF-8104-5AD7D93D6F0F}.Release|Any CPU.Build.0 = Release|Any CPU
	EndGlobalSection
	GlobalSection(SolutionProperties) = preSolution
		HideSolutionNode = FALSE
	EndGlobalSection
	GlobalSection(ExtensibilityGlobals) = postSolution
		SolutionGuid = {B66311E1-7CE0-4187-8DF9-ACD68D644D2D}
	EndGlobalSection
EndGlobal
